# Generated by buf. DO NOT EDIT.
version: v1
deps:
  - remote: buf.build
    owner: envoyproxy
    repository: protoc-gen-validate
    branch: main
    commit: dc09a417d27241f7b069feae2cd74a0e
    digest: b1-Ml8P8Frdpw3OwpExAAPdylRY3Drdoz0lwMe104zLBEk=
    create_time: 2021-12-17T23:06:23.975454Z
  - remote: buf.build
    owner: googleapis
    repository: googleapis
    branch: main
    commit: 74ce074c5dc540d5b9bcd9992bb0c147
    digest: b1-q1Y1o5WHb9MnNsBkGjMCRd7SUp_AGZp1LaIyjUVN65g=
    create_time: 2022-03-19T15:03:27.862817Z
  - remote: buf.build
    owner: grpc-ecosystem
    repository: grpc-gateway
    branch: main
    commit: c4ed84978f4845e8940539d492ccbb5e
    digest: b1-0Cg-i1h3UH0LjQGlkzWVcgWydSLiI-xvBkMDO6JkYLQ=
    create_time: 2022-03-12T22:22:17.581898Z
